
Microsoft Visual Studio Solution File, Format Version 12.00
# Visual Studio 15
VisualStudioVersion = 15.0.27004.2002
MinimumVisualStudioVersion = 10.0.40219.1
Project("{FAE04EC0-301F-11D3-BF4B-00C04F79EFBC}") = "DictionaryPhoneBook", "DictionaryPhoneBook\DictionaryPhoneBook.csproj", "{9EBEB0EB-FFD4-4671-8A37-6D35BB06C376}"
EndProject
Global
	GlobalSection(SolutionConfigurationPlatforms) = preSolution
		Debug|Any CPU = Debug|Any CPU
		Release|Any CPU = Release|Any CPU
	EndGlobalSection
	GlobalSection(ProjectConfigurationPlatforms) = postSolution
		{9EBEB0EB-FFD4-4671-8A37-6D35BB06C376}.Debug|Any CPU.ActiveCfg = Debug|Any CPU
		{9EBEB0EB-FFD4-4671-8A37-6D35BB06C376}.Debug|Any CPU.Build.0 = Debug|Any CPU
		{9EBEB0EB-FFD4-4671-8A37-6D35BB06C376}.Release|Any CPU.ActiveCfg = Release|Any CPU
		{9EBEB0EB-FFD4-4671-8A37-6D35BB06C376}.Release|Any CPU.Build.0 = Release|Any CPU
	EndGlobalSection
	GlobalSection(SolutionProperties) = preSolution
		HideSolutionNode = FALSE
	EndGlobalSection
	GlobalSection(ExtensibilityGlobals) = postSolution
		SolutionGuid = {12E0EF09-5C0F-4D93-8A23-215FF732AC5E}
	EndGlobalSection
EndGlobal
